# THIS IS AN AUTOGENERATED FILE. DO NOT EDIT THIS FILE DIRECTLY.
# yarn lockfile v1


"@openzeppelin/contracts@^4.6.0":
  version "4.6.0"
  resolved "https://registry.yarnpkg.com/@openzeppelin/contracts/-/contracts-4.6.0.tgz#c91cf64bc27f573836dba4122758b4743418c1b3"
  integrity sha512-8vi4d50NNya/bQqCmaVzvHNmwHvS0OBKb7HNtuNwEE3scXWrP31fKQoGxNMT+KbzmrNZzatE3QK5p2gFONI/hg==

ajax-caching@^0.1.0:
  version "0.1.2"
  resolved "https://registry.yarnpkg.com/ajax-caching/-/ajax-caching-0.1.2.tgz#fdc9abfde3671dd0074b645965b5e072865f596a"
  integrity sha512-sR4BataOHBqyhzfjhY6XlmaL6ifysUn1YwoN2PoToKwB0vGZ0G8opPMiBwQfIZ4MGc1YX4M3UlZzGnXcsIE88Q==
  dependencies:
    kv-idb "^1.1.0"

ajax-caching@^0.2.0:
  version "0.2.0"
  resolved "https://registry.yarnpkg.com/ajax-caching/-/ajax-caching-0.2.0.tgz#8efd67704d117b52634f1ccb86dbc88ca00570b3"
  integrity sha512-WUDWUS1V/I3qquf4fxZECiaAbtN7apPzfkpfyvE4nBIT6FInwYT8smrmDJOL/FqQAwGQOJh4gEseBg0xcOj7Qw==
  dependencies:
    kv-idb "^1.1.0"

command-exists@^1.2.8:
  version "1.2.9"
  resolved "https://registry.yarnpkg.com/command-exists/-/command-exists-1.2.9.tgz#c50725af3808c8ab0260fd60b01fbfa25b954f69"
  integrity sha512-LTQ/SGc+s0Xc0Fu5WaKnR0YiygZkm9eKFvyS+fRsU7/ZWFF8ykFM6Pc9aCVf1+xasOOZpO3BAVgVrKvsqKHV7w==

commander@^8.1.0:
  version "8.3.0"
  resolved "https://registry.yarnpkg.com/commander/-/commander-8.3.0.tgz#4837ea1b2da67b9c616a67afbb0fafee567bca66"
  integrity sha512-OkTL9umf+He2DZkUq8f8J9of7yL6RJKI24dVITBmNfZBmri9zYZQrKkuXiKhyfPSu8tUhnVBB1iKXevvnlR4Ww==

follow-redirects@^1.12.1:
  version "1.15.0"
  resolved "https://registry.yarnpkg.com/follow-redirects/-/follow-redirects-1.15.0.tgz#06441868281c86d0dda4ad8bdaead2d02dca89d4"
  integrity sha512-aExlJShTV4qOUOL7yF1U5tvLCB0xQuudbf6toyYA0E/acBNw71mvjFTnLaRp50aQaYocMR0a/RMMBIHeZnGyjQ==

js-sha3@0.8.0:
  version "0.8.0"
  resolved "https://registry.yarnpkg.com/js-sha3/-/js-sha3-0.8.0.tgz#b9b7a5da73afad7dedd0f8c463954cbde6818840"
  integrity sha512-gF1cRrHhIzNfToc802P800N8PpXS+evLLXfsVpowqmAFR9uwbi89WvXg2QspOmXL8QL86J4T1EpFu+yUkwJY3Q==

kv-idb@^1.0.0, kv-idb@^1.1.0:
  version "1.1.0"
  resolved "https://registry.yarnpkg.com/kv-idb/-/kv-idb-1.1.0.tgz#5773dc7c7df39f4a6470fb708607babe04b02427"
  integrity sha512-H1qsvb/rZcJX573DGonc6l1hNG283JfnmBck83aiLmjI1nwaiudUinjzaWmwa8QZkjHsMUDkXm4D1k4ewjlo/g==

lodash@^4.17.15:
  version "4.17.21"
  resolved "https://registry.yarnpkg.com/lodash/-/lodash-4.17.21.tgz#679591c564c3bffaae8454cf0b3df370c3d6911c"
  integrity sha512-v2kDEe57lecTulaDIuNTPy3Ry4gLGJ6Z1O3vE1krgXZNrsQ+LFTGHVxVjcXPs17LhbZVGedAJv8XZ1tvj5FvSg==

memorystream@^0.3.1:
  version "0.3.1"
  resolved "https://registry.yarnpkg.com/memorystream/-/memorystream-0.3.1.tgz#86d7090b30ce455d63fbae12dda51a47ddcaf9b2"
  integrity sha1-htcJCzDORV1j+64S3aUaR93K+bI=

os-tmpdir@~1.0.2:
  version "1.0.2"
  resolved "https://registry.yarnpkg.com/os-tmpdir/-/os-tmpdir-1.0.2.tgz#bbe67406c79aa85c5cfec766fe5734555dfa1274"
  integrity sha1-u+Z0BseaqFxc/sdm/lc0VV36EnQ=

resolve-github@^0.2.0:
  version "0.2.0"
  resolved "https://registry.yarnpkg.com/resolve-github/-/resolve-github-0.2.0.tgz#0fa94526a974f1948b57f2c7300f949c1195cb9e"
  integrity sha512-Ocaoo1zeCaNPduCzzPLtUvoUOmbzjyBs4Eq/jEzZkknzhuH53roeD8NUHg9ZjwDBpcuMiOqaoiskAnURKxopag==
  dependencies:
    solc-import "0.0.2"

resolve-http@^0.2.0:
  version "0.2.0"
  resolved "https://registry.yarnpkg.com/resolve-http/-/resolve-http-0.2.0.tgz#0493545d14e25d0834a5dc0d3c9f5d58538e203f"
  integrity sha512-XInHhoHbU4wwLXcrWB1ULPN/RzEzopenfePeykv9IssY1oF1evUDIBMODMJpYl3zxRZsqqOHsrA8lcb/4ZsvgQ==
  dependencies:
    solc-import "0.0.2"

resolve-ipfs@^0.1.0:
  version "0.1.0"
  resolved "https://registry.yarnpkg.com/resolve-ipfs/-/resolve-ipfs-0.1.0.tgz#5a32938e237c7234bd1ca1450d14786c4669b44b"
  integrity sha512-TLvn09WQ01AZTFoZK1aSidmdUnCxQfTuehEutF6w8kRoXw1hL3jlDw5djKJlIVADihXp2HWguZR4hZXAtLkFSw==

resolve-swarm@^0.1.0:
  version "0.1.0"
  resolved "https://registry.yarnpkg.com/resolve-swarm/-/resolve-swarm-0.1.0.tgz#1fa54a1b6ffab9b3bbfd9da6879220e0e9110d08"
  integrity sha512-fhI2FSkN6SLUJCWf7Svf3rW9AdSxS4KQCJzvAPSJZRmg1bPz+Ek/fRmNUkv5ihtrNiW8wury+XxQZoS+6LbHHg==

semver@^5.5.0:
  version "5.7.1"
  resolved "https://registry.yarnpkg.com/semver/-/semver-5.7.1.tgz#a954f931aeba508d307bbf069eff0c01c96116f7"
  integrity sha512-sauaDf/PZdVgrLTNYHRtpXa1iRiKcaebiKQ1BJdpQlWH2lCvexQdX55snPFyK7QzpudqbCI0qXFfOasHdyNDGQ==

solc-import@0.0.2, solc-import@^0.0.2:
  version "0.0.2"
  resolved "https://registry.yarnpkg.com/solc-import/-/solc-import-0.0.2.tgz#67bcc8be970d999fc8d92e076d1069c8c732d681"
  integrity sha512-NQMUiz2c1xm62Q1VhgTGa2DUQWr6bIpPIJxDhg77YPfCyrq4GO/o1BP0brp9gTpNzjYODG9I2Wh8vB8eJxFjXA==

solc-js@^1.0.1:
  version "1.0.1"
  resolved "https://registry.yarnpkg.com/solc-js/-/solc-js-1.0.1.tgz#42f3c05e03b9ce01029fe5323a144af7aca2690e"
  integrity sha512-+DjNJLfbOteWSkGLiWUBPvhFa4iq6Eo/a7rrVNz/B79Oz0DiwMha6kPrfZbYcTQ0ZbZBlVGB2EXAipKFI4kJHw==
  dependencies:
    ajax-caching "^0.1.0"
    kv-idb "^1.0.0"
    resolve-github "^0.2.0"
    resolve-http "^0.2.0"
    resolve-ipfs "^0.1.0"
    resolve-swarm "^0.1.0"
    solc-import "^0.0.2"
    solc-resolver "^0.2.1"
    solc-version "^0.1.6"
    solcjs-core "^0.6.0"

solc-resolver@^0.2.1:
  version "0.2.3"
  resolved "https://registry.yarnpkg.com/solc-resolver/-/solc-resolver-0.2.3.tgz#081986955e3dce9617788b8af07c8087dedf3c5f"
  integrity sha512-nYji6nNFWauxzSDUNGWCcRJxy18MTDezYFpP2j+dFf0eDUY5G1e7XyJosyVIsddrUk8MCTBecZ8kFi5wS7cfZQ==
  dependencies:
    solc-import "^0.0.2"

solc-version@^0.1.6:
  version "0.1.6"
  resolved "https://registry.yarnpkg.com/solc-version/-/solc-version-0.1.6.tgz#45fb28fe823d5194e9946679274af8c305a621cc"
  integrity sha512-oGi7NQUQJf9xFQBIkUEm2NMOWhezgSEfyR8EOBv0okdgNkKZg8LUJIJ3G1czdwgUkAQPMpVRxqCE/JK4B+cCmw==
  dependencies:
    ajax-caching "^0.1.0"

solc-version@^0.2.0:
  version "0.2.2"
  resolved "https://registry.yarnpkg.com/solc-version/-/solc-version-0.2.2.tgz#ae78523073ab871b18aadf958f85877047de11a8"
  integrity sha512-CNdemSq0W0OcSD6B9OYkUmJaWuQOX5YMEYUJ5vkHFJwwCnFnmE/jAW08wLexaH/+XbMTsrV1IxcAnHnx3STHrQ==
  dependencies:
    ajax-caching "^0.2.0"
    lodash "^4.17.15"

solc@^0.8.13:
  version "0.8.13"
  resolved "https://registry.yarnpkg.com/solc/-/solc-0.8.13.tgz#bafc7fcc11a627e2281e489076b80497123bb704"
  integrity sha512-C0yTN+rjEOGO6uVOXI8+EKa75SFMuZpQ2tryex4QxWIg0HRWZvCHKfVPuLZ5wx06Sb6GBp6uQA5yqQyXZnXOJw==
  dependencies:
    command-exists "^1.2.8"
    commander "^8.1.0"
    follow-redirects "^1.12.1"
    js-sha3 "0.8.0"
    memorystream "^0.3.1"
    semver "^5.5.0"
    tmp "0.0.33"

solcjs-core@^0.6.0:
  version "0.6.0"
  resolved "https://registry.yarnpkg.com/solcjs-core/-/solcjs-core-0.6.0.tgz#12eab277b91d42870caa44a98d369b538f050bc3"
  integrity sha512-PSuiSMMFnjQSn2PMr/Ae4kYPum+NVneZDA5hiZrOhG59t4gDRPt0bSdRjdlVgWFmTQTqsd5aJ9u+P0x7L7lJDg==
  dependencies:
    ajax-caching "^0.2.0"
    solc-import "^0.0.2"
    solc-version "^0.2.0"

tmp@0.0.33:
  version "0.0.33"
  resolved "https://registry.yarnpkg.com/tmp/-/tmp-0.0.33.tgz#6d34335889768d21b2bcda0aa277ced3b1bfadf9"
  integrity sha512-jRCJlojKnZ3addtTOjdIqoRuPEKBvNXcGYqzO6zWZX8KfKEpnGY5jfggJQ3EjKuu8D4bJRr0y+cYJFmYbImXGw==
  dependencies:
    os-tmpdir "~1.0.2"
