# THIS IS AN AUTOGENERATED FILE. DO NOT EDIT THIS FILE DIRECTLY.
# yarn lockfile v1


"@openzeppelin/contracts@^4.6.0":
  "integrity" "sha512-8vi4d50NNya/bQqCmaVzvHNmwHvS0OBKb7HNtuNwEE3scXWrP31fKQoGxNMT+KbzmrNZzatE3QK5p2gFONI/hg=="
  "resolved" "https://registry.npmjs.org/@openzeppelin/contracts/-/contracts-4.6.0.tgz"
  "version" "4.6.0"

"command-exists@^1.2.8":
  "integrity" "sha512-LTQ/SGc+s0Xc0Fu5WaKnR0YiygZkm9eKFvyS+fRsU7/ZWFF8ykFM6Pc9aCVf1+xasOOZpO3BAVgVrKvsqKHV7w=="
  "resolved" "https://registry.npmjs.org/command-exists/-/command-exists-1.2.9.tgz"
  "version" "1.2.9"

"commander@^8.1.0":
  "integrity" "sha512-OkTL9umf+He2DZkUq8f8J9of7yL6RJKI24dVITBmNfZBmri9zYZQrKkuXiKhyfPSu8tUhnVBB1iKXevvnlR4Ww=="
  "resolved" "https://registry.npmjs.org/commander/-/commander-8.3.0.tgz"
  "version" "8.3.0"

"events@^3.0.0":
  "integrity" "sha512-mQw+2fkQbALzQ7V0MY0IqdnXNOeTtP4r0lN9z7AAawCXgqea7bDii20AYrIBrFd/Hx0M2Ocz6S111CaFkUcb0Q=="
  "resolved" "https://registry.npmjs.org/events/-/events-3.3.0.tgz"
  "version" "3.3.0"

"follow-redirects@^1.12.1":
  "integrity" "sha512-aExlJShTV4qOUOL7yF1U5tvLCB0xQuudbf6toyYA0E/acBNw71mvjFTnLaRp50aQaYocMR0a/RMMBIHeZnGyjQ=="
  "resolved" "https://registry.npmjs.org/follow-redirects/-/follow-redirects-1.15.0.tgz"
  "version" "1.15.0"

"js-sha3@0.8.0":
  "integrity" "sha512-gF1cRrHhIzNfToc802P800N8PpXS+evLLXfsVpowqmAFR9uwbi89WvXg2QspOmXL8QL86J4T1EpFu+yUkwJY3Q=="
  "resolved" "https://registry.npmjs.org/js-sha3/-/js-sha3-0.8.0.tgz"
  "version" "0.8.0"

"memorystream@^0.3.1":
  "integrity" "sha1-htcJCzDORV1j+64S3aUaR93K+bI="
  "resolved" "https://registry.npmjs.org/memorystream/-/memorystream-0.3.1.tgz"
  "version" "0.3.1"

"os-tmpdir@~1.0.2":
  "integrity" "sha1-u+Z0BseaqFxc/sdm/lc0VV36EnQ="
  "resolved" "https://registry.npmjs.org/os-tmpdir/-/os-tmpdir-1.0.2.tgz"
  "version" "1.0.2"

"remix-plugin@^0.0.2-alpha.11":
  "integrity" "sha512-+RCntYQwAdGwUaOIP+QvbNmK/bQrywJeDLKVPjs8MgOmqcgLPSmxizU/3CGWVQNVsYv3FWkNgVmxt7+4ZXHP7Q=="
  "resolved" "https://registry.npmjs.org/remix-plugin/-/remix-plugin-0.0.2-alpha.11.tgz"
  "version" "0.0.2-alpha.11"
  dependencies:
    "events" "^3.0.0"

"semver@^5.5.0":
  "integrity" "sha512-sauaDf/PZdVgrLTNYHRtpXa1iRiKcaebiKQ1BJdpQlWH2lCvexQdX55snPFyK7QzpudqbCI0qXFfOasHdyNDGQ=="
  "resolved" "https://registry.npmjs.org/semver/-/semver-5.7.1.tgz"
  "version" "5.7.1"

"solc@^0.8.13":
  "integrity" "sha512-C0yTN+rjEOGO6uVOXI8+EKa75SFMuZpQ2tryex4QxWIg0HRWZvCHKfVPuLZ5wx06Sb6GBp6uQA5yqQyXZnXOJw=="
  "resolved" "https://registry.npmjs.org/solc/-/solc-0.8.13.tgz"
  "version" "0.8.13"
  dependencies:
    "command-exists" "^1.2.8"
    "commander" "^8.1.0"
    "follow-redirects" "^1.12.1"
    "js-sha3" "0.8.0"
    "memorystream" "^0.3.1"
    "semver" "^5.5.0"
    "tmp" "0.0.33"

"tmp@0.0.33":
  "integrity" "sha512-jRCJlojKnZ3addtTOjdIqoRuPEKBvNXcGYqzO6zWZX8KfKEpnGY5jfggJQ3EjKuu8D4bJRr0y+cYJFmYbImXGw=="
  "resolved" "https://registry.npmjs.org/tmp/-/tmp-0.0.33.tgz"
  "version" "0.0.33"
  dependencies:
    "os-tmpdir" "~1.0.2"
